{
  "name": "jisen",
  "version": "0.0.1",
  "lockfileVersion": 1,
  "requires": true,
  "dependencies": {
    "@types/estree": {
      "version": "0.0.39",
      "resolved": "https://registry.npmjs.org/@types/estree/-/estree-0.0.39.tgz",
      "integrity": "sha512-EYNwp3bU+98cpU4lAWYYL7Zz+2gryWH1qbdDTidVd6hkiR6weksdbMadyXKXNPEkQFhXM+hVO9ZygomHXp+AIw==",
      "dev": true
    },
    "@types/node": {
      "version": "11.15.6",
      "resolved": "https://registry.npmjs.org/@types/node/-/node-11.15.6.tgz",
      "integrity": "sha512-QylJmcJXqKCOhx1VE29kKA2wDjzVBQuKzoSJPykpelTmNQX/GAlPXgT1ZiIc6+sL81z66vXbrDexGale/JVIsQ==",
      "dev": true
    },
    "acorn": {
      "version": "6.4.0",
      "resolved": "https://registry.npmjs.org/acorn/-/acorn-6.4.0.tgz",
      "integrity": "sha512-gac8OEcQ2Li1dxIEWGZzsp2BitJxwkwcOm0zHAJLcPJaVvm58FRnk6RkuLRpU1EujipU2ZFODv2P9DLMfnV8mw==",
      "dev": true
    },
    "rollup": {
      "version": "1.3.0",
      "resolved": "https://registry.npmjs.org/rollup/-/rollup-1.3.0.tgz",
      "integrity": "sha512-QiT0wFmu0IzkGgT5LvzRK5hezHcJW8T9MQdvdC+FylrNpsprpz0gTOpcyY9iM6Sda1fD1SatwNutCxcQd3Y/Lg==",
      "dev": true,
      "requires": {
        "@types/estree": "0.0.39",
        "@types/node": "11.15.6",
        "acorn": "6.4.0"
      }
    }
  }
}
